
Microsoft Visual Studio Solution File, Format Version 12.00
# Visual Studio Version 16
VisualStudioVersion = 16.0.30804.86
MinimumVisualStudioVersion = 10.0.40219.1
Project("{FAE04EC0-301F-11D3-BF4B-00C04F79EFBC}") = "RisulGamigoTest", "RisulGamigoTest\RisulGamigoTest.csproj", "{2E166C03-FAB2-4BC9-8CCC-36D47B8FDD97}"
EndProject
Project("{FAE04EC0-301F-11D3-BF4B-00C04F79EFBC}") = "RisulGamigoUnitTests", "..\RisulGamigoUnitTests\RisulGamigoUnitTests.csproj", "{796FF3B9-F4B3-48D7-9250-EA1AF3BB871E}"
EndProject
Global
	GlobalSection(SolutionConfigurationPlatforms) = preSolution
		Debug|Any CPU = Debug|Any CPU
		Release|Any CPU = Release|Any CPU
	EndGlobalSection
	GlobalSection(ProjectConfigurationPlatforms) = postSolution
		{2E166C03-FAB2-4BC9-8CCC-36D47B8FDD97}.Debug|Any CPU.ActiveCfg = Debug|Any CPU
		{2E166C03-FAB2-4BC9-8CCC-36D47B8FDD97}.Debug|Any CPU.Build.0 = Debug|Any CPU
		{2E166C03-FAB2-4BC9-8CCC-36D47B8FDD97}.Release|Any CPU.ActiveCfg = Release|Any CPU
		{2E166C03-FAB2-4BC9-8CCC-36D47B8FDD97}.Release|Any CPU.Build.0 = Release|Any CPU
		{796FF3B9-F4B3-48D7-9250-EA1AF3BB871E}.Debug|Any CPU.ActiveCfg = Debug|Any CPU
		{796FF3B9-F4B3-48D7-9250-EA1AF3BB871E}.Debug|Any CPU.Build.0 = Debug|Any CPU
		{796FF3B9-F4B3-48D7-9250-EA1AF3BB871E}.Release|Any CPU.ActiveCfg = Release|Any CPU
		{796FF3B9-F4B3-48D7-9250-EA1AF3BB871E}.Release|Any CPU.Build.0 = Release|Any CPU
	EndGlobalSection
	GlobalSection(SolutionProperties) = preSolution
		HideSolutionNode = FALSE
	EndGlobalSection
	GlobalSection(ExtensibilityGlobals) = postSolution
		SolutionGuid = {239D1335-8FF0-43ED-BB7D-46241637E904}
	EndGlobalSection
EndGlobal
